// !$*UTF8*$!
{
	archiveVersion = 1;
	classes = {
	};
	objectVersion = 56;
	objects = {

/* Begin PBXBuildFile section */
		B6E410462C158A2500D485AB /* Story.swift in Sources */ = {isa = PBXBuildFile; fileRef = B6E410452C158A2400D485AB /* Story.swift */; };
		B6E410482C158B1400D485AB /* DestinyManager.swift in Sources */ = {isa = PBXBuildFile; fileRef = B6E410472C158B1400D485AB /* DestinyManager.swift */; };
		B6E4104B2C158CFE00D485AB /* StoryRepository.swift in Sources */ = {isa = PBXBuildFile; fileRef = B6E4104A2C158CFE00D485AB /* StoryRepository.swift */; };
		B6F9BF392C11B05E0055DE85 /* AppDelegate.swift in Sources */ = {isa = PBXBuildFile; fileRef = B6F9BF382C11B05E0055DE85 /* AppDelegate.swift */; };
		B6F9BF3B2C11B05E0055DE85 /* SceneDelegate.swift in Sources */ = {isa = PBXBuildFile; fileRef = B6F9BF3A2C11B05E0055DE85 /* SceneDelegate.swift */; };
		B6F9BF422C11B05F0055DE85 /* Assets.xcassets in Resources */ = {isa = PBXBuildFile; fileRef = B6F9BF412C11B05F0055DE85 /* Assets.xcassets */; };
		B6F9BF452C11B05F0055DE85 /* Base in Resources */ = {isa = PBXBuildFile; fileRef = B6F9BF442C11B05F0055DE85 /* Base */; };
		B6F9BF512C11C3C80055DE85 /* UIViewController+Preview.swift in Sources */ = {isa = PBXBuildFile; fileRef = B6F9BF502C11C3C80055DE85 /* UIViewController+Preview.swift */; };
		B6F9BF552C11C56E0055DE85 /* DestiniViewController.swift in Sources */ = {isa = PBXBuildFile; fileRef = B6F9BF542C11C56E0055DE85 /* DestiniViewController.swift */; };
		B6F9BF582C11CB210055DE85 /* Images.swift in Sources */ = {isa = PBXBuildFile; fileRef = B6F9BF572C11CB210055DE85 /* Images.swift */; };
		B6F9BF5A2C11E6550055DE85 /* Sizes.swift in Sources */ = {isa = PBXBuildFile; fileRef = B6F9BF592C11E6550055DE85 /* Sizes.swift */; };
/* End PBXBuildFile section */

/* Begin PBXFileReference section */
		B6E410452C158A2400D485AB /* Story.swift */ = {isa = PBXFileReference; lastKnownFileType = sourcecode.swift; path = Story.swift; sourceTree = "<group>"; };
		B6E410472C158B1400D485AB /* DestinyManager.swift */ = {isa = PBXFileReference; lastKnownFileType = sourcecode.swift; path = DestinyManager.swift; sourceTree = "<group>"; };
		B6E4104A2C158CFE00D485AB /* StoryRepository.swift */ = {isa = PBXFileReference; lastKnownFileType = sourcecode.swift; path = StoryRepository.swift; sourceTree = "<group>"; };
		B6F9BF352C11B05E0055DE85 /* Destini.app */ = {isa = PBXFileReference; explicitFileType = wrapper.application; includeInIndex = 0; path = Destini.app; sourceTree = BUILT_PRODUCTS_DIR; };
		B6F9BF382C11B05E0055DE85 /* AppDelegate.swift */ = {isa = PBXFileReference; lastKnownFileType = sourcecode.swift; path = AppDelegate.swift; sourceTree = "<group>"; };
		B6F9BF3A2C11B05E0055DE85 /* SceneDelegate.swift */ = {isa = PBXFileReference; lastKnownFileType = sourcecode.swift; path = SceneDelegate.swift; sourceTree = "<group>"; };
		B6F9BF412C11B05F0055DE85 /* Assets.xcassets */ = {isa = PBXFileReference; lastKnownFileType = folder.assetcatalog; path = Assets.xcassets; sourceTree = "<group>"; };
		B6F9BF442C11B05F0055DE85 /* Base */ = {isa = PBXFileReference; lastKnownFileType = file.storyboard; name = Base; path = Base.lproj/LaunchScreen.storyboard; sourceTree = "<group>"; };
		B6F9BF462C11B05F0055DE85 /* Info.plist */ = {isa = PBXFileReference; lastKnownFileType = text.plist.xml; path = Info.plist; sourceTree = "<group>"; };
		B6F9BF502C11C3C80055DE85 /* UIViewController+Preview.swift */ = {isa = PBXFileReference; lastKnownFileType = sourcecode.swift; path = "UIViewController+Preview.swift"; sourceTree = "<group>"; };
		B6F9BF542C11C56E0055DE85 /* DestiniViewController.swift */ = {isa = PBXFileReference; lastKnownFileType = sourcecode.swift; path = DestiniViewController.swift; sourceTree = "<group>"; };
		B6F9BF572C11CB210055DE85 /* Images.swift */ = {isa = PBXFileReference; lastKnownFileType = sourcecode.swift; path = Images.swift; sourceTree = "<group>"; };
		B6F9BF592C11E6550055DE85 /* Sizes.swift */ = {isa = PBXFileReference; lastKnownFileType = sourcecode.swift; path = Sizes.swift; sourceTree = "<group>"; };
/* End PBXFileReference section */

/* Begin PBXFrameworksBuildPhase section */
		B6F9BF322C11B05E0055DE85 /* Frameworks */ = {
			isa = PBXFrameworksBuildPhase;
			buildActionMask = 2147483647;
			files = (
			);
			runOnlyForDeploymentPostprocessing = 0;
		};
/* End PBXFrameworksBuildPhase section */

/* Begin PBXGroup section */
		B6E410442C1589D400D485AB /* Models */ = {
			isa = PBXGroup;
			children = (
				B6E410452C158A2400D485AB /* Story.swift */,
				B6E410472C158B1400D485AB /* DestinyManager.swift */,
			);
			path = Models;
			sourceTree = "<group>";
		};
		B6E410492C158CAC00D485AB /* Entities */ = {
			isa = PBXGroup;
			children = (
				B6E4104A2C158CFE00D485AB /* StoryRepository.swift */,
			);
			path = Entities;
			sourceTree = "<group>";
		};
		B6F9BF2C2C11B05E0055DE85 = {
			isa = PBXGroup;
			children = (
				B6F9BF372C11B05E0055DE85 /* Destini */,
				B6F9BF362C11B05E0055DE85 /* Products */,
			);
			sourceTree = "<group>";
		};
		B6F9BF362C11B05E0055DE85 /* Products */ = {
			isa = PBXGroup;
			children = (
				B6F9BF352C11B05E0055DE85 /* Destini.app */,
			);
			name = Products;
			sourceTree = "<group>";
		};
		B6F9BF372C11B05E0055DE85 /* Destini */ = {
			isa = PBXGroup;
			children = (
				B6F9BF4C2C11B2040055DE85 /* App */,
				B6F9BF4D2C11C2CD0055DE85 /* Resources */,
				B6E410492C158CAC00D485AB /* Entities */,
				B6E410442C1589D400D485AB /* Models */,
				B6F9BF4E2C11C3160055DE85 /* ViewControllers */,
				B6F9BF4F2C11C36B0055DE85 /* Extensions */,
				B6F9BF562C11CB0A0055DE85 /* Theme */,
				B6F9BF462C11B05F0055DE85 /* Info.plist */,
			);
			path = Destini;
			sourceTree = "<group>";
		};
		B6F9BF4C2C11B2040055DE85 /* App */ = {
			isa = PBXGroup;
			children = (
				B6F9BF382C11B05E0055DE85 /* AppDelegate.swift */,
				B6F9BF3A2C11B05E0055DE85 /* SceneDelegate.swift */,
			);
			path = App;
			sourceTree = "<group>";
		};
		B6F9BF4D2C11C2CD0055DE85 /* Resources */ = {
			isa = PBXGroup;
			children = (
				B6F9BF412C11B05F0055DE85 /* Assets.xcassets */,
				B6F9BF432C11B05F0055DE85 /* LaunchScreen.storyboard */,
			);
			path = Resources;
			sourceTree = "<group>";
		};
		B6F9BF4E2C11C3160055DE85 /* ViewControllers */ = {
			isa = PBXGroup;
			children = (
				B6F9BF542C11C56E0055DE85 /* DestiniViewController.swift */,
			);
			path = ViewControllers;
			sourceTree = "<group>";
		};
		B6F9BF4F2C11C36B0055DE85 /* Extensions */ = {
			isa = PBXGroup;
			children = (
				B6F9BF502C11C3C80055DE85 /* UIViewController+Preview.swift */,
			);
			path = Extensions;
			sourceTree = "<group>";
		};
		B6F9BF562C11CB0A0055DE85 /* Theme */ = {
			isa = PBXGroup;
			children = (
				B6F9BF572C11CB210055DE85 /* Images.swift */,
				B6F9BF592C11E6550055DE85 /* Sizes.swift */,
			);
			path = Theme;
			sourceTree = "<group>";
		};
/* End PBXGroup section */

/* Begin PBXNativeTarget section */
		B6F9BF342C11B05E0055DE85 /* Destini */ = {
			isa = PBXNativeTarget;
			buildConfigurationList = B6F9BF492C11B05F0055DE85 /* Build configuration list for PBXNativeTarget "Destini" */;
			buildPhases = (
				B6F9BF312C11B05E0055DE85 /* Sources */,
				B6F9BF322C11B05E0055DE85 /* Frameworks */,
				B6F9BF332C11B05E0055DE85 /* Resources */,
			);
			buildRules = (
			);
			dependencies = (
			);
			name = Destini;
			productName = Destini;
			productReference = B6F9BF352C11B05E0055DE85 /* Destini.app */;
			productType = "com.apple.product-type.application";
		};
/* End PBXNativeTarget section */

/* Begin PBXProject section */
		B6F9BF2D2C11B05E0055DE85 /* Project object */ = {
			isa = PBXProject;
			attributes = {
				BuildIndependentTargetsInParallel = 1;
				LastSwiftUpdateCheck = 1530;
				LastUpgradeCheck = 1530;
				TargetAttributes = {
					B6F9BF342C11B05E0055DE85 = {
						CreatedOnToolsVersion = 15.3;
					};
				};
			};
			buildConfigurationList = B6F9BF302C11B05E0055DE85 /* Build configuration list for PBXProject "Destini" */;
			compatibilityVersion = "Xcode 14.0";
			developmentRegion = en;
			hasScannedForEncodings = 0;
			knownRegions = (
				en,
				Base,
			);
			mainGroup = B6F9BF2C2C11B05E0055DE85;
			productRefGroup = B6F9BF362C11B05E0055DE85 /* Products */;
			projectDirPath = "";
			projectRoot = "";
			targets = (
				B6F9BF342C11B05E0055DE85 /* Destini */,
			);
		};
/* End PBXProject section */

/* Begin PBXResourcesBuildPhase section */
		B6F9BF332C11B05E0055DE85 /* Resources */ = {
			isa = PBXResourcesBuildPhase;
			buildActionMask = 2147483647;
			files = (
				B6F9BF422C11B05F0055DE85 /* Assets.xcassets in Resources */,
				B6F9BF452C11B05F0055DE85 /* Base in Resources */,
			);
			runOnlyForDeploymentPostprocessing = 0;
		};
/* End PBXResourcesBuildPhase section */

/* Begin PBXSourcesBuildPhase section */
		B6F9BF312C11B05E0055DE85 /* Sources */ = {
			isa = PBXSourcesBuildPhase;
			buildActionMask = 2147483647;
			files = (
				B6F9BF5A2C11E6550055DE85 /* Sizes.swift in Sources */,
				B6F9BF512C11C3C80055DE85 /* UIViewController+Preview.swift in Sources */,
				B6E410482C158B1400D485AB /* DestinyManager.swift in Sources */,
				B6F9BF552C11C56E0055DE85 /* DestiniViewController.swift in Sources */,
				B6F9BF392C11B05E0055DE85 /* AppDelegate.swift in Sources */,
				B6F9BF3B2C11B05E0055DE85 /* SceneDelegate.swift in Sources */,
				B6F9BF582C11CB210055DE85 /* Images.swift in Sources */,
				B6E410462C158A2500D485AB /* Story.swift in Sources */,
				B6E4104B2C158CFE00D485AB /* StoryRepository.swift in Sources */,
			);
			runOnlyForDeploymentPostprocessing = 0;
		};
/* End PBXSourcesBuildPhase section */

/* Begin PBXVariantGroup section */
		B6F9BF432C11B05F0055DE85 /* LaunchScreen.storyboard */ = {
			isa = PBXVariantGroup;
			children = (
				B6F9BF442C11B05F0055DE85 /* Base */,
			);
			name = LaunchScreen.storyboard;
			sourceTree = "<group>";
		};
/* End PBXVariantGroup section */

/* Begin XCBuildConfiguration section */
		B6F9BF472C11B05F0055DE85 /* Debug */ = {
			isa = XCBuildConfiguration;
			buildSettings = {
				ALWAYS_SEARCH_USER_PATHS = NO;
				ASSETCATALOG_COMPILER_GENERATE_SWIFT_ASSET_SYMBOL_EXTENSIONS = YES;
				CLANG_ANALYZER_NONNULL = YES;
				CLANG_ANALYZER_NUMBER_OBJECT_CONVERSION = YES_AGGRESSIVE;
				CLANG_CXX_LANGUAGE_STANDARD = "gnu++20";
				CLANG_ENABLE_MODULES = YES;
				CLANG_ENABLE_OBJC_ARC = YES;
				CLANG_ENABLE_OBJC_WEAK = YES;
				CLANG_WARN_BLOCK_CAPTURE_AUTORELEASING = YES;
				CLANG_WARN_BOOL_CONVERSION = YES;
				CLANG_WARN_COMMA = YES;
				CLANG_WARN_CONSTANT_CONVERSION = YES;
				CLANG_WARN_DEPRECATED_OBJC_IMPLEMENTATIONS = YES;
				CLANG_WARN_DIRECT_OBJC_ISA_USAGE = YES_ERROR;
				CLANG_WARN_DOCUMENTATION_COMMENTS = YES;
				CLANG_WARN_EMPTY_BODY = YES;
				CLANG_WARN_ENUM_CONVERSION = YES;
				CLANG_WARN_INFINITE_RECURSION = YES;
				CLANG_WARN_INT_CONVERSION = YES;
				CLANG_WARN_NON_LITERAL_NULL_CONVERSION = YES;
				CLANG_WARN_OBJC_IMPLICIT_RETAIN_SELF = YES;
				CLANG_WARN_OBJC_LITERAL_CONVERSION = YES;
				CLANG_WARN_OBJC_ROOT_CLASS = YES_ERROR;
				CLANG_WARN_QUOTED_INCLUDE_IN_FRAMEWORK_HEADER = YES;
				CLANG_WARN_RANGE_LOOP_ANALYSIS = YES;
				CLANG_WARN_STRICT_PROTOTYPES = YES;
				CLANG_WARN_SUSPICIOUS_MOVE = YES;
				CLANG_WARN_UNGUARDED_AVAILABILITY = YES_AGGRESSIVE;
				CLANG_WARN_UNREACHABLE_CODE = YES;
				CLANG_WARN__DUPLICATE_METHOD_MATCH = YES;
				COPY_PHASE_STRIP = NO;
				DEBUG_INFORMATION_FORMAT = dwarf;
				ENABLE_STRICT_OBJC_MSGSEND = YES;
				ENABLE_TESTABILITY = YES;
				ENABLE_USER_SCRIPT_SANDBOXING = YES;
				GCC_C_LANGUAGE_STANDARD = gnu17;
				GCC_DYNAMIC_NO_PIC = NO;
				GCC_NO_COMMON_BLOCKS = YES;
				GCC_OPTIMIZATION_LEVEL = 0;
				GCC_PREPROCESSOR_DEFINITIONS = (
					"DEBUG=1",
					"$(inherited)",
				);
				GCC_WARN_64_TO_32_BIT_CONVERSION = YES;
				GCC_WARN_ABOUT_RETURN_TYPE = YES_ERROR;
				GCC_WARN_UNDECLARED_SELECTOR = YES;
				GCC_WARN_UNINITIALIZED_AUTOS = YES_AGGRESSIVE;
				GCC_WARN_UNUSED_FUNCTION = YES;
				GCC_WARN_UNUSED_VARIABLE = YES;
				IPHONEOS_DEPLOYMENT_TARGET = 17.4;
				LOCALIZATION_PREFERS_STRING_CATALOGS = YES;
				MTL_ENABLE_DEBUG_INFO = INCLUDE_SOURCE;
				MTL_FAST_MATH = YES;
				ONLY_ACTIVE_ARCH = YES;
				SDKROOT = iphoneos;
				SWIFT_ACTIVE_COMPILATION_CONDITIONS = "DEBUG $(inherited)";
				SWIFT_OPTIMIZATION_LEVEL = "-Onone";
			};
			name = Debug;
		};
		B6F9BF482C11B05F0055DE85 /* Release */ = {
			isa = XCBuildConfiguration;
			buildSettings = {
				ALWAYS_SEARCH_USER_PATHS = NO;
				ASSETCATALOG_COMPILER_GENERATE_SWIFT_ASSET_SYMBOL_EXTENSIONS = YES;
				CLANG_ANALYZER_NONNULL = YES;
				CLANG_ANALYZER_NUMBER_OBJECT_CONVERSION = YES_AGGRESSIVE;
				CLANG_CXX_LANGUAGE_STANDARD = "gnu++20";
				CLANG_ENABLE_MODULES = YES;
				CLANG_ENABLE_OBJC_ARC = YES;
				CLANG_ENABLE_OBJC_WEAK = YES;
				CLANG_WARN_BLOCK_CAPTURE_AUTORELEASING = YES;
				CLANG_WARN_BOOL_CONVERSION = YES;
				CLANG_WARN_COMMA = YES;
				CLANG_WARN_CONSTANT_CONVERSION = YES;
				CLANG_WARN_DEPRECATED_OBJC_IMPLEMENTATIONS = YES;
				CLANG_WARN_DIRECT_OBJC_ISA_USAGE = YES_ERROR;
				CLANG_WARN_DOCUMENTATION_COMMENTS = YES;
				CLANG_WARN_EMPTY_BODY = YES;
				CLANG_WARN_ENUM_CONVERSION = YES;
				CLANG_WARN_INFINITE_RECURSION = YES;
				CLANG_WARN_INT_CONVERSION = YES;
				CLANG_WARN_NON_LITERAL_NULL_CONVERSION = YES;
				CLANG_WARN_OBJC_IMPLICIT_RETAIN_SELF = YES;
				CLANG_WARN_OBJC_LITERAL_CONVERSION = YES;
				CLANG_WARN_OBJC_ROOT_CLASS = YES_ERROR;
				CLANG_WARN_QUOTED_INCLUDE_IN_FRAMEWORK_HEADER = YES;
				CLANG_WARN_RANGE_LOOP_ANALYSIS = YES;
				CLANG_WARN_STRICT_PROTOTYPES = YES;
				CLANG_WARN_SUSPICIOUS_MOVE = YES;
				CLANG_WARN_UNGUARDED_AVAILABILITY = YES_AGGRESSIVE;
				CLANG_WARN_UNREACHABLE_CODE = YES;
				CLANG_WARN__DUPLICATE_METHOD_MATCH = YES;
				COPY_PHASE_STRIP = NO;
				DEBUG_INFORMATION_FORMAT = "dwarf-with-dsym";
				ENABLE_NS_ASSERTIONS = NO;
				ENABLE_STRICT_OBJC_MSGSEND = YES;
				ENABLE_USER_SCRIPT_SANDBOXING = YES;
				GCC_C_LANGUAGE_STANDARD = gnu17;
				GCC_NO_COMMON_BLOCKS = YES;
				GCC_WARN_64_TO_32_BIT_CONVERSION = YES;
				GCC_WARN_ABOUT_RETURN_TYPE = YES_ERROR;
				GCC_WARN_UNDECLARED_SELECTOR = YES;
				GCC_WARN_UNINITIALIZED_AUTOS = YES_AGGRESSIVE;
				GCC_WARN_UNUSED_FUNCTION = YES;
				GCC_WARN_UNUSED_VARIABLE = YES;
				IPHONEOS_DEPLOYMENT_TARGET = 17.4;
				LOCALIZATION_PREFERS_STRING_CATALOGS = YES;
				MTL_ENABLE_DEBUG_INFO = NO;
				MTL_FAST_MATH = YES;
				SDKROOT = iphoneos;
				SWIFT_COMPILATION_MODE = wholemodule;
				VALIDATE_PRODUCT = YES;
			};
			name = Release;
		};
		B6F9BF4A2C11B05F0055DE85 /* Debug */ = {
			isa = XCBuildConfiguration;
			buildSettings = {
				ASSETCATALOG_COMPILER_APPICON_NAME = AppIcon;
				ASSETCATALOG_COMPILER_GLOBAL_ACCENT_COLOR_NAME = AccentColor;
				CODE_SIGN_STYLE = Automatic;
				CURRENT_PROJECT_VERSION = 1;
				GENERATE_INFOPLIST_FILE = YES;
				INFOPLIST_FILE = Destini/Info.plist;
				INFOPLIST_KEY_UIApplicationSupportsIndirectInputEvents = YES;
				INFOPLIST_KEY_UILaunchStoryboardName = LaunchScreen;
				INFOPLIST_KEY_UISupportedInterfaceOrientations = UIInterfaceOrientationPortrait;
				INFOPLIST_KEY_UISupportedInterfaceOrientations_iPad = "UIInterfaceOrientationLandscapeLeft UIInterfaceOrientationLandscapeRight UIInterfaceOrientationPortrait UIInterfaceOrientationPortraitUpsideDown";
				LD_RUNPATH_SEARCH_PATHS = (
					"$(inherited)",
					"@executable_path/Frameworks",
				);
				MARKETING_VERSION = 1.0;
				PRODUCT_BUNDLE_IDENTIFIER = DmitriyLubov.Destini;
				PRODUCT_NAME = "$(TARGET_NAME)";
				SUPPORTED_PLATFORMS = "iphoneos iphonesimulator";
				SUPPORTS_MACCATALYST = NO;
				SUPPORTS_MAC_DESIGNED_FOR_IPHONE_IPAD = NO;
				SUPPORTS_XR_DESIGNED_FOR_IPHONE_IPAD = NO;
				SWIFT_EMIT_LOC_STRINGS = YES;
				SWIFT_VERSION = 5.0;
				TARGETED_DEVICE_FAMILY = 1;
			};
			name = Debug;
		};
		B6F9BF4B2C11B05F0055DE85 /* Release */ = {
			isa = XCBuildConfiguration;
			buildSettings = {
				ASSETCATALOG_COMPILER_APPICON_NAME = AppIcon;
				ASSETCATALOG_COMPILER_GLOBAL_ACCENT_COLOR_NAME = AccentColor;
				CODE_SIGN_STYLE = Automatic;
				CURRENT_PROJECT_VERSION = 1;
				GENERATE_INFOPLIST_FILE = YES;
				INFOPLIST_FILE = Destini/Info.plist;
				INFOPLIST_KEY_UIApplicationSupportsIndirectInputEvents = YES;
				INFOPLIST_KEY_UILaunchStoryboardName = LaunchScreen;
				INFOPLIST_KEY_UISupportedInterfaceOrientations = UIInterfaceOrientationPortrait;
				INFOPLIST_KEY_UISupportedInterfaceOrientations_iPad = "UIInterfaceOrientationLandscapeLeft UIInterfaceOrientationLandscapeRight UIInterfaceOrientationPortrait UIInterfaceOrientationPortraitUpsideDown";
				LD_RUNPATH_SEARCH_PATHS = (
					"$(inherited)",
					"@executable_path/Frameworks",
				);
				MARKETING_VERSION = 1.0;
				PRODUCT_BUNDLE_IDENTIFIER = DmitriyLubov.Destini;
				PRODUCT_NAME = "$(TARGET_NAME)";
				SUPPORTED_PLATFORMS = "iphoneos iphonesimulator";
				SUPPORTS_MACCATALYST = NO;
				SUPPORTS_MAC_DESIGNED_FOR_IPHONE_IPAD = NO;
				SUPPORTS_XR_DESIGNED_FOR_IPHONE_IPAD = NO;
				SWIFT_EMIT_LOC_STRINGS = YES;
				SWIFT_VERSION = 5.0;
				TARGETED_DEVICE_FAMILY = 1;
			};
			name = Release;
		};
/* End XCBuildConfiguration section */

/* Begin XCConfigurationList section */
		B6F9BF302C11B05E0055DE85 /* Build configuration list for PBXProject "Destini" */ = {
			isa = XCConfigurationList;
			buildConfigurations = (
				B6F9BF472C11B05F0055DE85 /* Debug */,
				B6F9BF482C11B05F0055DE85 /* Release */,
			);
			defaultConfigurationIsVisible = 0;
			defaultConfigurationName = Release;
		};
		B6F9BF492C11B05F0055DE85 /* Build configuration list for PBXNativeTarget "Destini" */ = {
			isa = XCConfigurationList;
			buildConfigurations = (
				B6F9BF4A2C11B05F0055DE85 /* Debug */,
				B6F9BF4B2C11B05F0055DE85 /* Release */,
			);
			defaultConfigurationIsVisible = 0;
			defaultConfigurationName = Release;
		};
/* End XCConfigurationList section */
	};
	rootObject = B6F9BF2D2C11B05E0055DE85 /* Project object */;
}
